
Microsoft Visual Studio Solution File, Format Version 12.00
# Visual Studio Version 17
VisualStudioVersion = 17.13.35806.99 d17.13
MinimumVisualStudioVersion = 10.0.40219.1
Project("{FAE04EC0-301F-11D3-BF4B-00C04F79EFBC}") = "Postgre_Link", "Postgre_Link.csproj", "{6CC6A434-48E0-476E-9CD7-9468B74B5465}"
EndProject
Global
	GlobalSection(SolutionConfigurationPlatforms) = preSolution
		Debug|Any CPU = Debug|Any CPU
		Release|Any CPU = Release|Any CPU
	EndGlobalSection
	GlobalSection(ProjectConfigurationPlatforms) = postSolution
		{6CC6A434-48E0-476E-9CD7-9468B74B5465}.Debug|Any CPU.ActiveCfg = Debug|Any CPU
		{6CC6A434-48E0-476E-9CD7-9468B74B5465}.Debug|Any CPU.Build.0 = Debug|Any CPU
		{6CC6A434-48E0-476E-9CD7-9468B74B5465}.Release|Any CPU.ActiveCfg = Release|Any CPU
		{6CC6A434-48E0-476E-9CD7-9468B74B5465}.Release|Any CPU.Build.0 = Release|Any CPU
	EndGlobalSection
	GlobalSection(SolutionProperties) = preSolution
		HideSolutionNode = FALSE
	EndGlobalSection
	GlobalSection(ExtensibilityGlobals) = postSolution
		SolutionGuid = {F02FB5A6-0EC9-45A0-8604-BCED675218E5}
	EndGlobalSection
EndGlobal
